// !$*UTF8*$!
{
	archiveVersion = 1;
	classes = {
	};
	objectVersion = 46;
	objects = {

/* Begin PBXBuildFile section */
		2806DE321DF8CEDB00DE6C54 /* AppDelegate.swift in Sources */ = {isa = PBXBuildFile; fileRef = 2806DE311DF8CEDB00DE6C54 /* AppDelegate.swift */; };
		2806DE341DF8CEDB00DE6C54 /* CameraVC.swift in Sources */ = {isa = PBXBuildFile; fileRef = 2806DE331DF8CEDB00DE6C54 /* CameraVC.swift */; };
		2806DE371DF8CEDB00DE6C54 /* Main.storyboard in Resources */ = {isa = PBXBuildFile; fileRef = 2806DE351DF8CEDB00DE6C54 /* Main.storyboard */; };
		2806DE391DF8CEDB00DE6C54 /* Assets.xcassets in Resources */ = {isa = PBXBuildFile; fileRef = 2806DE381DF8CEDB00DE6C54 /* Assets.xcassets */; };
		2806DE3C1DF8CEDB00DE6C54 /* LaunchScreen.storyboard in Resources */ = {isa = PBXBuildFile; fileRef = 2806DE3A1DF8CEDB00DE6C54 /* LaunchScreen.storyboard */; };
		2806DE461DF8D8E400DE6C54 /* PreviewView.swift in Sources */ = {isa = PBXBuildFile; fileRef = 2806DE431DF8D8E400DE6C54 /* PreviewView.swift */; };
		2806DE471DF8D8E400DE6C54 /* CameraViewController.swift in Sources */ = {isa = PBXBuildFile; fileRef = 2806DE441DF8D8E400DE6C54 /* CameraViewController.swift */; };
		2806DE481DF8D8E400DE6C54 /* PhotoCaptureDelegate.swift in Sources */ = {isa = PBXBuildFile; fileRef = 2806DE451DF8D8E400DE6C54 /* PhotoCaptureDelegate.swift */; };
		2806DE4A1DF9385E00DE6C54 /* GoogleService-Info.plist in Resources */ = {isa = PBXBuildFile; fileRef = 2806DE491DF9385E00DE6C54 /* GoogleService-Info.plist */; };
		2806DE4F1DF94BB400DE6C54 /* RoundTextField.swift in Sources */ = {isa = PBXBuildFile; fileRef = 2806DE4E1DF94BB400DE6C54 /* RoundTextField.swift */; };
		2806DE521DF9521300DE6C54 /* RoundedButton.swift in Sources */ = {isa = PBXBuildFile; fileRef = 2806DE511DF9521300DE6C54 /* RoundedButton.swift */; };
		2806DE541DFEB73400DE6C54 /* LoginVC.swift in Sources */ = {isa = PBXBuildFile; fileRef = 2806DE531DFEB73400DE6C54 /* LoginVC.swift */; };
		2806DE571DFEBD6500DE6C54 /* AuthService.swift in Sources */ = {isa = PBXBuildFile; fileRef = 2806DE561DFEBD6500DE6C54 /* AuthService.swift */; };
		289E0ABC1DFFD1CF00DC22EC /* DataService.swift in Sources */ = {isa = PBXBuildFile; fileRef = 289E0ABB1DFFD1CF00DC22EC /* DataService.swift */; };
		289E0ABE1DFFEA3B00DC22EC /* UserVC.swift in Sources */ = {isa = PBXBuildFile; fileRef = 289E0ABD1DFFEA3B00DC22EC /* UserVC.swift */; };
		289E0AC01DFFEB5B00DC22EC /* UserCell.swift in Sources */ = {isa = PBXBuildFile; fileRef = 289E0ABF1DFFEB5B00DC22EC /* UserCell.swift */; };
		289E0AC21E00041400DC22EC /* User.swift in Sources */ = {isa = PBXBuildFile; fileRef = 289E0AC11E00041400DC22EC /* User.swift */; };
		28F8DE461E00455300602E89 /* CameraVCDelegate.swift in Sources */ = {isa = PBXBuildFile; fileRef = 28F8DE451E00455300602E89 /* CameraVCDelegate.swift */; };
		D19730214B4D8E915BC4F958 /* Pods_chat2.framework in Frameworks */ = {isa = PBXBuildFile; fileRef = 0E65AB0515F1EF522FC8CA30 /* Pods_chat2.framework */; };
/* End PBXBuildFile section */

/* Begin PBXFileReference section */
		0E65AB0515F1EF522FC8CA30 /* Pods_chat2.framework */ = {isa = PBXFileReference; explicitFileType = wrapper.framework; includeInIndex = 0; path = Pods_chat2.framework; sourceTree = BUILT_PRODUCTS_DIR; };
		2806DE2E1DF8CEDB00DE6C54 /* chat2.app */ = {isa = PBXFileReference; explicitFileType = wrapper.application; includeInIndex = 0; path = chat2.app; sourceTree = BUILT_PRODUCTS_DIR; };
		2806DE311DF8CEDB00DE6C54 /* AppDelegate.swift */ = {isa = PBXFileReference; lastKnownFileType = sourcecode.swift; path = AppDelegate.swift; sourceTree = "<group>"; };
		2806DE331DF8CEDB00DE6C54 /* CameraVC.swift */ = {isa = PBXFileReference; lastKnownFileType = sourcecode.swift; path = CameraVC.swift; sourceTree = "<group>"; };
		2806DE361DF8CEDB00DE6C54 /* Base */ = {isa = PBXFileReference; lastKnownFileType = file.storyboard; name = Base; path = Base.lproj/Main.storyboard; sourceTree = "<group>"; };
		2806DE381DF8CEDB00DE6C54 /* Assets.xcassets */ = {isa = PBXFileReference; lastKnownFileType = folder.assetcatalog; path = Assets.xcassets; sourceTree = "<group>"; };
		2806DE3B1DF8CEDB00DE6C54 /* Base */ = {isa = PBXFileReference; lastKnownFileType = file.storyboard; name = Base; path = Base.lproj/LaunchScreen.storyboard; sourceTree = "<group>"; };
		2806DE3D1DF8CEDB00DE6C54 /* Info.plist */ = {isa = PBXFileReference; lastKnownFileType = text.plist.xml; path = Info.plist; sourceTree = "<group>"; };
		2806DE431DF8D8E400DE6C54 /* PreviewView.swift */ = {isa = PBXFileReference; fileEncoding = 4; lastKnownFileType = sourcecode.swift; path = PreviewView.swift; sourceTree = "<group>"; };
		2806DE441DF8D8E400DE6C54 /* CameraViewController.swift */ = {isa = PBXFileReference; fileEncoding = 4; lastKnownFileType = sourcecode.swift; path = CameraViewController.swift; sourceTree = "<group>"; };
		2806DE451DF8D8E400DE6C54 /* PhotoCaptureDelegate.swift */ = {isa = PBXFileReference; fileEncoding = 4; lastKnownFileType = sourcecode.swift; path = PhotoCaptureDelegate.swift; sourceTree = "<group>"; };
		2806DE491DF9385E00DE6C54 /* GoogleService-Info.plist */ = {isa = PBXFileReference; fileEncoding = 4; lastKnownFileType = text.plist.xml; path = "GoogleService-Info.plist"; sourceTree = "<group>"; };
		2806DE4E1DF94BB400DE6C54 /* RoundTextField.swift */ = {isa = PBXFileReference; fileEncoding = 4; lastKnownFileType = sourcecode.swift; path = RoundTextField.swift; sourceTree = "<group>"; };
		2806DE511DF9521300DE6C54 /* RoundedButton.swift */ = {isa = PBXFileReference; fileEncoding = 4; lastKnownFileType = sourcecode.swift; path = RoundedButton.swift; sourceTree = "<group>"; };
		2806DE531DFEB73400DE6C54 /* LoginVC.swift */ = {isa = PBXFileReference; fileEncoding = 4; lastKnownFileType = sourcecode.swift; path = LoginVC.swift; sourceTree = "<group>"; };
		2806DE561DFEBD6500DE6C54 /* AuthService.swift */ = {isa = PBXFileReference; fileEncoding = 4; lastKnownFileType = sourcecode.swift; path = AuthService.swift; sourceTree = "<group>"; };
		289E0ABB1DFFD1CF00DC22EC /* DataService.swift */ = {isa = PBXFileReference; fileEncoding = 4; lastKnownFileType = sourcecode.swift; path = DataService.swift; sourceTree = "<group>"; };
		289E0ABD1DFFEA3B00DC22EC /* UserVC.swift */ = {isa = PBXFileReference; fileEncoding = 4; lastKnownFileType = sourcecode.swift; path = UserVC.swift; sourceTree = "<group>"; };
		289E0ABF1DFFEB5B00DC22EC /* UserCell.swift */ = {isa = PBXFileReference; fileEncoding = 4; lastKnownFileType = sourcecode.swift; path = UserCell.swift; sourceTree = "<group>"; };
		289E0AC11E00041400DC22EC /* User.swift */ = {isa = PBXFileReference; fileEncoding = 4; lastKnownFileType = sourcecode.swift; path = User.swift; sourceTree = "<group>"; };
		28F8DE451E00455300602E89 /* CameraVCDelegate.swift */ = {isa = PBXFileReference; fileEncoding = 4; lastKnownFileType = sourcecode.swift; path = CameraVCDelegate.swift; sourceTree = "<group>"; };
		C253B9546289026A50D095D4 /* Pods-chat2.release.xcconfig */ = {isa = PBXFileReference; includeInIndex = 1; lastKnownFileType = text.xcconfig; name = "Pods-chat2.release.xcconfig"; path = "Pods/Target Support Files/Pods-chat2/Pods-chat2.release.xcconfig"; sourceTree = "<group>"; };
		FCF091504F8FF01A84609167 /* Pods-chat2.debug.xcconfig */ = {isa = PBXFileReference; includeInIndex = 1; lastKnownFileType = text.xcconfig; name = "Pods-chat2.debug.xcconfig"; path = "Pods/Target Support Files/Pods-chat2/Pods-chat2.debug.xcconfig"; sourceTree = "<group>"; };
/* End PBXFileReference section */

/* Begin PBXFrameworksBuildPhase section */
		2806DE2B1DF8CEDB00DE6C54 /* Frameworks */ = {
			isa = PBXFrameworksBuildPhase;
			buildActionMask = 2147483647;
			files = (
				D19730214B4D8E915BC4F958 /* Pods_chat2.framework in Frameworks */,
			);
			runOnlyForDeploymentPostprocessing = 0;
		};
/* End PBXFrameworksBuildPhase section */

/* Begin PBXGroup section */
		006FDB18169D211CB78EAAB1 /* Frameworks */ = {
			isa = PBXGroup;
			children = (
				0E65AB0515F1EF522FC8CA30 /* Pods_chat2.framework */,
			);
			name = Frameworks;
			sourceTree = "<group>";
		};
		2806DE251DF8CEDB00DE6C54 = {
			isa = PBXGroup;
			children = (
				2806DE301DF8CEDB00DE6C54 /* chat2 */,
				2806DE2F1DF8CEDB00DE6C54 /* Products */,
				F1A927142615962B01C1982E /* Pods */,
				006FDB18169D211CB78EAAB1 /* Frameworks */,
			);
			sourceTree = "<group>";
		};
		2806DE2F1DF8CEDB00DE6C54 /* Products */ = {
			isa = PBXGroup;
			children = (
				2806DE2E1DF8CEDB00DE6C54 /* chat2.app */,
			);
			name = Products;
			sourceTree = "<group>";
		};
		2806DE301DF8CEDB00DE6C54 /* chat2 */ = {
			isa = PBXGroup;
			children = (
				2806DE551DFEBD5200DE6C54 /* Services */,
				28F8DE441E001AC500602E89 /* Protocols */,
				2806DE4C1DF9396E00DE6C54 /* Model */,
				2806DE4D1DF9397300DE6C54 /* View */,
				2806DE4B1DF9396300DE6C54 /* Controller */,
				2806DE351DF8CEDB00DE6C54 /* Main.storyboard */,
				2806DE381DF8CEDB00DE6C54 /* Assets.xcassets */,
				2806DE3A1DF8CEDB00DE6C54 /* LaunchScreen.storyboard */,
				2806DE3D1DF8CEDB00DE6C54 /* Info.plist */,
				2806DE491DF9385E00DE6C54 /* GoogleService-Info.plist */,
			);
			path = chat2;
			sourceTree = "<group>";
		};
		2806DE4B1DF9396300DE6C54 /* Controller */ = {
			isa = PBXGroup;
			children = (
				2806DE441DF8D8E400DE6C54 /* CameraViewController.swift */,
				2806DE331DF8CEDB00DE6C54 /* CameraVC.swift */,
				2806DE431DF8D8E400DE6C54 /* PreviewView.swift */,
				2806DE531DFEB73400DE6C54 /* LoginVC.swift */,
				289E0ABD1DFFEA3B00DC22EC /* UserVC.swift */,
				2806DE311DF8CEDB00DE6C54 /* AppDelegate.swift */,
			);
			name = Controller;
			sourceTree = "<group>";
		};
		2806DE4C1DF9396E00DE6C54 /* Model */ = {
			isa = PBXGroup;
			children = (
				289E0AC11E00041400DC22EC /* User.swift */,
			);
			name = Model;
			sourceTree = "<group>";
		};
		2806DE4D1DF9397300DE6C54 /* View */ = {
			isa = PBXGroup;
			children = (
				2806DE4E1DF94BB400DE6C54 /* RoundTextField.swift */,
				2806DE511DF9521300DE6C54 /* RoundedButton.swift */,
				289E0ABF1DFFEB5B00DC22EC /* UserCell.swift */,
			);
			name = View;
			sourceTree = "<group>";
		};
		2806DE551DFEBD5200DE6C54 /* Services */ = {
			isa = PBXGroup;
			children = (
				2806DE561DFEBD6500DE6C54 /* AuthService.swift */,
				289E0ABB1DFFD1CF00DC22EC /* DataService.swift */,
			);
			name = Services;
			sourceTree = "<group>";
		};
		28F8DE441E001AC500602E89 /* Protocols */ = {
			isa = PBXGroup;
			children = (
				2806DE451DF8D8E400DE6C54 /* PhotoCaptureDelegate.swift */,
				28F8DE451E00455300602E89 /* CameraVCDelegate.swift */,
			);
			name = Protocols;
			sourceTree = "<group>";
		};
		F1A927142615962B01C1982E /* Pods */ = {
			isa = PBXGroup;
			children = (
				FCF091504F8FF01A84609167 /* Pods-chat2.debug.xcconfig */,
				C253B9546289026A50D095D4 /* Pods-chat2.release.xcconfig */,
			);
			name = Pods;
			sourceTree = "<group>";
		};
/* End PBXGroup section */

/* Begin PBXNativeTarget section */
		2806DE2D1DF8CEDB00DE6C54 /* chat2 */ = {
			isa = PBXNativeTarget;
			buildConfigurationList = 2806DE401DF8CEDB00DE6C54 /* Build configuration list for PBXNativeTarget "chat2" */;
			buildPhases = (
				4CEDF119BAC7EE81154211DB /* [CP] Check Pods Manifest.lock */,
				2806DE2A1DF8CEDB00DE6C54 /* Sources */,
				2806DE2B1DF8CEDB00DE6C54 /* Frameworks */,
				2806DE2C1DF8CEDB00DE6C54 /* Resources */,
				AD3345B3FB02C0AA9BE64F6D /* [CP] Embed Pods Frameworks */,
				E94F0639B671480A92EF1115 /* [CP] Copy Pods Resources */,
			);
			buildRules = (
			);
			dependencies = (
			);
			name = chat2;
			productName = chat2;
			productReference = 2806DE2E1DF8CEDB00DE6C54 /* chat2.app */;
			productType = "com.apple.product-type.application";
		};
/* End PBXNativeTarget section */

/* Begin PBXProject section */
		2806DE261DF8CEDB00DE6C54 /* Project object */ = {
			isa = PBXProject;
			attributes = {
				LastSwiftUpdateCheck = 0810;
				LastUpgradeCheck = 0810;
				ORGANIZATIONNAME = "Oleg Pavlichenkov";
				TargetAttributes = {
					2806DE2D1DF8CEDB00DE6C54 = {
						CreatedOnToolsVersion = 8.1;
						DevelopmentTeam = 4Y4DUJVCEZ;
						ProvisioningStyle = Automatic;
					};
				};
			};
			buildConfigurationList = 2806DE291DF8CEDB00DE6C54 /* Build configuration list for PBXProject "chat2" */;
			compatibilityVersion = "Xcode 3.2";
			developmentRegion = English;
			hasScannedForEncodings = 0;
			knownRegions = (
				en,
				Base,
			);
			mainGroup = 2806DE251DF8CEDB00DE6C54;
			productRefGroup = 2806DE2F1DF8CEDB00DE6C54 /* Products */;
			projectDirPath = "";
			projectRoot = "";
			targets = (
				2806DE2D1DF8CEDB00DE6C54 /* chat2 */,
			);
		};
/* End PBXProject section */

/* Begin PBXResourcesBuildPhase section */
		2806DE2C1DF8CEDB00DE6C54 /* Resources */ = {
			isa = PBXResourcesBuildPhase;
			buildActionMask = 2147483647;
			files = (
				2806DE3C1DF8CEDB00DE6C54 /* LaunchScreen.storyboard in Resources */,
				2806DE391DF8CEDB00DE6C54 /* Assets.xcassets in Resources */,
				2806DE371DF8CEDB00DE6C54 /* Main.storyboard in Resources */,
				2806DE4A1DF9385E00DE6C54 /* GoogleService-Info.plist in Resources */,
			);
			runOnlyForDeploymentPostprocessing = 0;
		};
/* End PBXResourcesBuildPhase section */

/* Begin PBXShellScriptBuildPhase section */
		4CEDF119BAC7EE81154211DB /* [CP] Check Pods Manifest.lock */ = {
			isa = PBXShellScriptBuildPhase;
			buildActionMask = 2147483647;
			files = (
			);
			inputPaths = (
			);
			name = "[CP] Check Pods Manifest.lock";
			outputPaths = (
			);
			runOnlyForDeploymentPostprocessing = 0;
			shellPath = /bin/sh;
			shellScript = "diff \"${PODS_ROOT}/../Podfile.lock\" \"${PODS_ROOT}/Manifest.lock\" > /dev/null\nif [ $? != 0 ] ; then\n    # print error to STDERR\n    echo \"error: The sandbox is not in sync with the Podfile.lock. Run 'pod install' or update your CocoaPods installation.\" >&2\n    exit 1\nfi\n";
			showEnvVarsInLog = 0;
		};
		AD3345B3FB02C0AA9BE64F6D /* [CP] Embed Pods Frameworks */ = {
			isa = PBXShellScriptBuildPhase;
			buildActionMask = 2147483647;
			files = (
			);
			inputPaths = (
			);
			name = "[CP] Embed Pods Frameworks";
			outputPaths = (
			);
			runOnlyForDeploymentPostprocessing = 0;
			shellPath = /bin/sh;
			shellScript = "\"${SRCROOT}/Pods/Target Support Files/Pods-chat2/Pods-chat2-frameworks.sh\"\n";
			showEnvVarsInLog = 0;
		};
		E94F0639B671480A92EF1115 /* [CP] Copy Pods Resources */ = {
			isa = PBXShellScriptBuildPhase;
			buildActionMask = 2147483647;
			files = (
			);
			inputPaths = (
			);
			name = "[CP] Copy Pods Resources";
			outputPaths = (
			);
			runOnlyForDeploymentPostprocessing = 0;
			shellPath = /bin/sh;
			shellScript = "\"${SRCROOT}/Pods/Target Support Files/Pods-chat2/Pods-chat2-resources.sh\"\n";
			showEnvVarsInLog = 0;
		};
/* End PBXShellScriptBuildPhase section */

/* Begin PBXSourcesBuildPhase section */
		2806DE2A1DF8CEDB00DE6C54 /* Sources */ = {
			isa = PBXSourcesBuildPhase;
			buildActionMask = 2147483647;
			files = (
				289E0AC21E00041400DC22EC /* User.swift in Sources */,
				2806DE341DF8CEDB00DE6C54 /* CameraVC.swift in Sources */,
				2806DE471DF8D8E400DE6C54 /* CameraViewController.swift in Sources */,
				289E0ABE1DFFEA3B00DC22EC /* UserVC.swift in Sources */,
				28F8DE461E00455300602E89 /* CameraVCDelegate.swift in Sources */,
				2806DE541DFEB73400DE6C54 /* LoginVC.swift in Sources */,
				2806DE321DF8CEDB00DE6C54 /* AppDelegate.swift in Sources */,
				2806DE481DF8D8E400DE6C54 /* PhotoCaptureDelegate.swift in Sources */,
				2806DE521DF9521300DE6C54 /* RoundedButton.swift in Sources */,
				2806DE4F1DF94BB400DE6C54 /* RoundTextField.swift in Sources */,
				289E0AC01DFFEB5B00DC22EC /* UserCell.swift in Sources */,
				2806DE571DFEBD6500DE6C54 /* AuthService.swift in Sources */,
				2806DE461DF8D8E400DE6C54 /* PreviewView.swift in Sources */,
				289E0ABC1DFFD1CF00DC22EC /* DataService.swift in Sources */,
			);
			runOnlyForDeploymentPostprocessing = 0;
		};
/* End PBXSourcesBuildPhase section */

/* Begin PBXVariantGroup section */
		2806DE351DF8CEDB00DE6C54 /* Main.storyboard */ = {
			isa = PBXVariantGroup;
			children = (
				2806DE361DF8CEDB00DE6C54 /* Base */,
			);
			name = Main.storyboard;
			sourceTree = "<group>";
		};
		2806DE3A1DF8CEDB00DE6C54 /* LaunchScreen.storyboard */ = {
			isa = PBXVariantGroup;
			children = (
				2806DE3B1DF8CEDB00DE6C54 /* Base */,
			);
			name = LaunchScreen.storyboard;
			sourceTree = "<group>";
		};
/* End PBXVariantGroup section */

/* Begin XCBuildConfiguration section */
		2806DE3E1DF8CEDB00DE6C54 /* Debug */ = {
			isa = XCBuildConfiguration;
			buildSettings = {
				ALWAYS_SEARCH_USER_PATHS = NO;
				CLANG_ANALYZER_NONNULL = YES;
				CLANG_CXX_LANGUAGE_STANDARD = "gnu++0x";
				CLANG_CXX_LIBRARY = "libc++";
				CLANG_ENABLE_MODULES = YES;
				CLANG_ENABLE_OBJC_ARC = YES;
				CLANG_WARN_BOOL_CONVERSION = YES;
				CLANG_WARN_CONSTANT_CONVERSION = YES;
				CLANG_WARN_DIRECT_OBJC_ISA_USAGE = YES_ERROR;
				CLANG_WARN_DOCUMENTATION_COMMENTS = YES;
				CLANG_WARN_EMPTY_BODY = YES;
				CLANG_WARN_ENUM_CONVERSION = YES;
				CLANG_WARN_INFINITE_RECURSION = YES;
				CLANG_WARN_INT_CONVERSION = YES;
				CLANG_WARN_OBJC_ROOT_CLASS = YES_ERROR;
				CLANG_WARN_SUSPICIOUS_MOVES = YES;
				CLANG_WARN_UNREACHABLE_CODE = YES;
				CLANG_WARN__DUPLICATE_METHOD_MATCH = YES;
				"CODE_SIGN_IDENTITY[sdk=iphoneos*]" = "iPhone Developer";
				COPY_PHASE_STRIP = NO;
				DEBUG_INFORMATION_FORMAT = dwarf;
				ENABLE_STRICT_OBJC_MSGSEND = YES;
				ENABLE_TESTABILITY = YES;
				GCC_C_LANGUAGE_STANDARD = gnu99;
				GCC_DYNAMIC_NO_PIC = NO;
				GCC_NO_COMMON_BLOCKS = YES;
				GCC_OPTIMIZATION_LEVEL = 0;
				GCC_PREPROCESSOR_DEFINITIONS = (
					"DEBUG=1",
					"$(inherited)",
				);
				GCC_WARN_64_TO_32_BIT_CONVERSION = YES;
				GCC_WARN_ABOUT_RETURN_TYPE = YES_ERROR;
				GCC_WARN_UNDECLARED_SELECTOR = YES;
				GCC_WARN_UNINITIALIZED_AUTOS = YES_AGGRESSIVE;
				GCC_WARN_UNUSED_FUNCTION = YES;
				GCC_WARN_UNUSED_VARIABLE = YES;
				IPHONEOS_DEPLOYMENT_TARGET = 10.1;
				MTL_ENABLE_DEBUG_INFO = YES;
				ONLY_ACTIVE_ARCH = YES;
				SDKROOT = iphoneos;
				SWIFT_ACTIVE_COMPILATION_CONDITIONS = DEBUG;
				SWIFT_OPTIMIZATION_LEVEL = "-Onone";
			};
			name = Debug;
		};
		2806DE3F1DF8CEDB00DE6C54 /* Release */ = {
			isa = XCBuildConfiguration;
			buildSettings = {
				ALWAYS_SEARCH_USER_PATHS = NO;
				CLANG_ANALYZER_NONNULL = YES;
				CLANG_CXX_LANGUAGE_STANDARD = "gnu++0x";
				CLANG_CXX_LIBRARY = "libc++";
				CLANG_ENABLE_MODULES = YES;
				CLANG_ENABLE_OBJC_ARC = YES;
				CLANG_WARN_BOOL_CONVERSION = YES;
				CLANG_WARN_CONSTANT_CONVERSION = YES;
				CLANG_WARN_DIRECT_OBJC_ISA_USAGE = YES_ERROR;
				CLANG_WARN_DOCUMENTATION_COMMENTS = YES;
				CLANG_WARN_EMPTY_BODY = YES;
				CLANG_WARN_ENUM_CONVERSION = YES;
				CLANG_WARN_INFINITE_RECURSION = YES;
				CLANG_WARN_INT_CONVERSION = YES;
				CLANG_WARN_OBJC_ROOT_CLASS = YES_ERROR;
				CLANG_WARN_SUSPICIOUS_MOVES = YES;
				CLANG_WARN_UNREACHABLE_CODE = YES;
				CLANG_WARN__DUPLICATE_METHOD_MATCH = YES;
				"CODE_SIGN_IDENTITY[sdk=iphoneos*]" = "iPhone Developer";
				COPY_PHASE_STRIP = NO;
				DEBUG_INFORMATION_FORMAT = "dwarf-with-dsym";
				ENABLE_NS_ASSERTIONS = NO;
				ENABLE_STRICT_OBJC_MSGSEND = YES;
				GCC_C_LANGUAGE_STANDARD = gnu99;
				GCC_NO_COMMON_BLOCKS = YES;
				GCC_WARN_64_TO_32_BIT_CONVERSION = YES;
				GCC_WARN_ABOUT_RETURN_TYPE = YES_ERROR;
				GCC_WARN_UNDECLARED_SELECTOR = YES;
				GCC_WARN_UNINITIALIZED_AUTOS = YES_AGGRESSIVE;
				GCC_WARN_UNUSED_FUNCTION = YES;
				GCC_WARN_UNUSED_VARIABLE = YES;
				IPHONEOS_DEPLOYMENT_TARGET = 10.1;
				MTL_ENABLE_DEBUG_INFO = NO;
				SDKROOT = iphoneos;
				SWIFT_OPTIMIZATION_LEVEL = "-Owholemodule";
				VALIDATE_PRODUCT = YES;
			};
			name = Release;
		};
		2806DE411DF8CEDB00DE6C54 /* Debug */ = {
			isa = XCBuildConfiguration;
			baseConfigurationReference = FCF091504F8FF01A84609167 /* Pods-chat2.debug.xcconfig */;
			buildSettings = {
				ASSETCATALOG_COMPILER_APPICON_NAME = AppIcon;
				DEVELOPMENT_TEAM = 4Y4DUJVCEZ;
				INFOPLIST_FILE = chat2/Info.plist;
				LD_RUNPATH_SEARCH_PATHS = "$(inherited) @executable_path/Frameworks";
				PRODUCT_BUNDLE_IDENTIFIER = "com.just-eng.chat2";
				PRODUCT_NAME = "$(TARGET_NAME)";
				SWIFT_VERSION = 3.0;
			};
			name = Debug;
		};
		2806DE421DF8CEDB00DE6C54 /* Release */ = {
			isa = XCBuildConfiguration;
			baseConfigurationReference = C253B9546289026A50D095D4 /* Pods-chat2.release.xcconfig */;
			buildSettings = {
				ASSETCATALOG_COMPILER_APPICON_NAME = AppIcon;
				DEVELOPMENT_TEAM = 4Y4DUJVCEZ;
				INFOPLIST_FILE = chat2/Info.plist;
				LD_RUNPATH_SEARCH_PATHS = "$(inherited) @executable_path/Frameworks";
				PRODUCT_BUNDLE_IDENTIFIER = "com.just-eng.chat2";
				PRODUCT_NAME = "$(TARGET_NAME)";
				SWIFT_VERSION = 3.0;
			};
			name = Release;
		};
/* End XCBuildConfiguration section */

/* Begin XCConfigurationList section */
		2806DE291DF8CEDB00DE6C54 /* Build configuration list for PBXProject "chat2" */ = {
			isa = XCConfigurationList;
			buildConfigurations = (
				2806DE3E1DF8CEDB00DE6C54 /* Debug */,
				2806DE3F1DF8CEDB00DE6C54 /* Release */,
			);
			defaultConfigurationIsVisible = 0;
			defaultConfigurationName = Release;
		};
		2806DE401DF8CEDB00DE6C54 /* Build configuration list for PBXNativeTarget "chat2" */ = {
			isa = XCConfigurationList;
			buildConfigurations = (
				2806DE411DF8CEDB00DE6C54 /* Debug */,
				2806DE421DF8CEDB00DE6C54 /* Release */,
			);
			defaultConfigurationIsVisible = 0;
			defaultConfigurationName = Release;
		};
/* End XCConfigurationList section */
	};
	rootObject = 2806DE261DF8CEDB00DE6C54 /* Project object */;
}
